
Microsoft Visual Studio Solution File, Format Version 12.00
# Visual Studio Version 17
VisualStudioVersion = 17.8.34330.188
MinimumVisualStudioVersion = 10.0.40219.1
Project("{888888A0-9F3D-457C-B088-3A5042F75D52}") = "ProgrammingAssignment", "ProgrammingAssignment\ProgrammingAssignment.pyproj", "{83CF1CB4-4A87-40FD-B456-3CC435BDA1BD}"
EndProject
Global
	GlobalSection(SolutionConfigurationPlatforms) = preSolution
		Debug|Any CPU = Debug|Any CPU
		Release|Any CPU = Release|Any CPU
	EndGlobalSection
	GlobalSection(ProjectConfigurationPlatforms) = postSolution
		{83CF1CB4-4A87-40FD-B456-3CC435BDA1BD}.Debug|Any CPU.ActiveCfg = Debug|Any CPU
		{83CF1CB4-4A87-40FD-B456-3CC435BDA1BD}.Release|Any CPU.ActiveCfg = Release|Any CPU
	EndGlobalSection
	GlobalSection(SolutionProperties) = preSolution
		HideSolutionNode = FALSE
	EndGlobalSection
	GlobalSection(ExtensibilityGlobals) = postSolution
		SolutionGuid = {EB2362FD-A848-44E1-8581-7B9A3F3B0401}
	EndGlobalSection
EndGlobal
